
Microsoft Visual Studio Solution File, Format Version 12.00
# Visual Studio 14
VisualStudioVersion = 14.0.24720.0
MinimumVisualStudioVersion = 10.0.40219.1
Project("{8BC9CEB8-8B4A-11D0-8D11-00A0C91BC942}") = "homework-1", "homework-1\homework-1.vcxproj", "{35FE7FE0-6747-4204-B06E-B8C9EFA679FA}"
EndProject
Project("{8BC9CEB8-8B4A-11D0-8D11-00A0C91BC942}") = "homework-2", "homework-2\homework-2.vcxproj", "{944DF950-1AF6-46C3-9F0B-E0CE43AE2598}"
EndProject
Project("{8BC9CEB8-8B4A-11D0-8D11-00A0C91BC942}") = "homework-3", "homework-3\homework-3.vcxproj", "{F577E3EE-DA16-4D8B-898B-8B131DA04045}"
EndProject
Project("{8BC9CEB8-8B4A-11D0-8D11-00A0C91BC942}") = "homework-4", "homework-4\homework-4.vcxproj", "{35827397-16E0-4BCA-A095-6A97CD931E36}"
EndProject
Project("{8BC9CEB8-8B4A-11D0-8D11-00A0C91BC942}") = "homework-5", "homework-5\homework-5.vcxproj", "{9B4D49FB-E7D3-4CBA-85BD-5B1A11384F0A}"
EndProject
Project("{8BC9CEB8-8B4A-11D0-8D11-00A0C91BC942}") = "homework-6", "homework-6\homework-6.vcxproj", "{2F50BB2C-BE80-48A2-9393-2E4CD594DFDE}"
EndProject
Project("{2150E333-8FDC-42A3-9474-1A3956D46DE8}") = "Solution Items", "Solution Items", "{AB51E6A3-0A16-43AA-AE10-3542ACFA6F0B}"
	ProjectSection(SolutionItems) = preProject
		lib\file.hpp = lib\file.hpp
		lib\http.hpp = lib\http.hpp
		lib\image.hpp = lib\image.hpp
		lib\matrix.hpp = lib\matrix.hpp
		lib\network.hpp = lib\network.hpp
		lib\pool.hpp = lib\pool.hpp
		lib\promise-polyfill.hpp = lib\promise-polyfill.hpp
		lib\queue.hpp = lib\queue.hpp
		homework-6\shared.hpp = homework-6\shared.hpp
		lib\shared_mem.hpp = lib\shared_mem.hpp
		lib\time.hpp = lib\time.hpp
	EndProjectSection
EndProject
Project("{8BC9CEB8-8B4A-11D0-8D11-00A0C91BC942}") = "final-exam-code", "final-exam-code\final-exam-code.vcxproj", "{2BB8C50D-D44B-4B40-B2D2-C32BE95870FA}"
EndProject
Project("{8BC9CEB8-8B4A-11D0-8D11-00A0C91BC942}") = "homework-6-p2", "homework-6-p2\homework-6-p2.vcxproj", "{3D3E0355-C5E9-4AB2-A977-1662C0A8CBA9}"
EndProject
Global
	GlobalSection(SolutionConfigurationPlatforms) = preSolution
		Debug|x64 = Debug|x64
		Debug|x86 = Debug|x86
		Release|x64 = Release|x64
		Release|x86 = Release|x86
	EndGlobalSection
	GlobalSection(ProjectConfigurationPlatforms) = postSolution
		{35FE7FE0-6747-4204-B06E-B8C9EFA679FA}.Debug|x64.ActiveCfg = Debug|x64
		{35FE7FE0-6747-4204-B06E-B8C9EFA679FA}.Debug|x64.Build.0 = Debug|x64
		{35FE7FE0-6747-4204-B06E-B8C9EFA679FA}.Debug|x86.ActiveCfg = Debug|Win32
		{35FE7FE0-6747-4204-B06E-B8C9EFA679FA}.Debug|x86.Build.0 = Debug|Win32
		{35FE7FE0-6747-4204-B06E-B8C9EFA679FA}.Release|x64.ActiveCfg = Release|x64
		{35FE7FE0-6747-4204-B06E-B8C9EFA679FA}.Release|x64.Build.0 = Release|x64
		{35FE7FE0-6747-4204-B06E-B8C9EFA679FA}.Release|x86.ActiveCfg = Release|Win32
		{35FE7FE0-6747-4204-B06E-B8C9EFA679FA}.Release|x86.Build.0 = Release|Win32
		{944DF950-1AF6-46C3-9F0B-E0CE43AE2598}.Debug|x64.ActiveCfg = Debug|x64
		{944DF950-1AF6-46C3-9F0B-E0CE43AE2598}.Debug|x64.Build.0 = Debug|x64
		{944DF950-1AF6-46C3-9F0B-E0CE43AE2598}.Debug|x86.ActiveCfg = Debug|Win32
		{944DF950-1AF6-46C3-9F0B-E0CE43AE2598}.Debug|x86.Build.0 = Debug|Win32
		{944DF950-1AF6-46C3-9F0B-E0CE43AE2598}.Release|x64.ActiveCfg = Release|x64
		{944DF950-1AF6-46C3-9F0B-E0CE43AE2598}.Release|x64.Build.0 = Release|x64
		{944DF950-1AF6-46C3-9F0B-E0CE43AE2598}.Release|x86.ActiveCfg = Release|Win32
		{944DF950-1AF6-46C3-9F0B-E0CE43AE2598}.Release|x86.Build.0 = Release|Win32
		{F577E3EE-DA16-4D8B-898B-8B131DA04045}.Debug|x64.ActiveCfg = Debug|x64
		{F577E3EE-DA16-4D8B-898B-8B131DA04045}.Debug|x64.Build.0 = Debug|x64
		{F577E3EE-DA16-4D8B-898B-8B131DA04045}.Debug|x86.ActiveCfg = Debug|Win32
		{F577E3EE-DA16-4D8B-898B-8B131DA04045}.Debug|x86.Build.0 = Debug|Win32
		{F577E3EE-DA16-4D8B-898B-8B131DA04045}.Release|x64.ActiveCfg = Release|x64
		{F577E3EE-DA16-4D8B-898B-8B131DA04045}.Release|x64.Build.0 = Release|x64
		{F577E3EE-DA16-4D8B-898B-8B131DA04045}.Release|x86.ActiveCfg = Release|Win32
		{F577E3EE-DA16-4D8B-898B-8B131DA04045}.Release|x86.Build.0 = Release|Win32
		{35827397-16E0-4BCA-A095-6A97CD931E36}.Debug|x64.ActiveCfg = Debug|x64
		{35827397-16E0-4BCA-A095-6A97CD931E36}.Debug|x64.Build.0 = Debug|x64
		{35827397-16E0-4BCA-A095-6A97CD931E36}.Debug|x86.ActiveCfg = Debug|Win32
		{35827397-16E0-4BCA-A095-6A97CD931E36}.Debug|x86.Build.0 = Debug|Win32
		{35827397-16E0-4BCA-A095-6A97CD931E36}.Release|x64.ActiveCfg = Release|x64
		{35827397-16E0-4BCA-A095-6A97CD931E36}.Release|x64.Build.0 = Release|x64
		{35827397-16E0-4BCA-A095-6A97CD931E36}.Release|x86.ActiveCfg = Release|Win32
		{35827397-16E0-4BCA-A095-6A97CD931E36}.Release|x86.Build.0 = Release|Win32
		{9B4D49FB-E7D3-4CBA-85BD-5B1A11384F0A}.Debug|x64.ActiveCfg = Debug|x64
		{9B4D49FB-E7D3-4CBA-85BD-5B1A11384F0A}.Debug|x64.Build.0 = Debug|x64
		{9B4D49FB-E7D3-4CBA-85BD-5B1A11384F0A}.Debug|x86.ActiveCfg = Debug|Win32
		{9B4D49FB-E7D3-4CBA-85BD-5B1A11384F0A}.Debug|x86.Build.0 = Debug|Win32
		{9B4D49FB-E7D3-4CBA-85BD-5B1A11384F0A}.Release|x64.ActiveCfg = Release|x64
		{9B4D49FB-E7D3-4CBA-85BD-5B1A11384F0A}.Release|x64.Build.0 = Release|x64
		{9B4D49FB-E7D3-4CBA-85BD-5B1A11384F0A}.Release|x86.ActiveCfg = Release|Win32
		{9B4D49FB-E7D3-4CBA-85BD-5B1A11384F0A}.Release|x86.Build.0 = Release|Win32
		{2F50BB2C-BE80-48A2-9393-2E4CD594DFDE}.Debug|x64.ActiveCfg = Debug|x64
		{2F50BB2C-BE80-48A2-9393-2E4CD594DFDE}.Debug|x64.Build.0 = Debug|x64
		{2F50BB2C-BE80-48A2-9393-2E4CD594DFDE}.Debug|x86.ActiveCfg = Debug|Win32
		{2F50BB2C-BE80-48A2-9393-2E4CD594DFDE}.Debug|x86.Build.0 = Debug|Win32
		{2F50BB2C-BE80-48A2-9393-2E4CD594DFDE}.Release|x64.ActiveCfg = Release|x64
		{2F50BB2C-BE80-48A2-9393-2E4CD594DFDE}.Release|x64.Build.0 = Release|x64
		{2F50BB2C-BE80-48A2-9393-2E4CD594DFDE}.Release|x86.ActiveCfg = Release|Win32
		{2F50BB2C-BE80-48A2-9393-2E4CD594DFDE}.Release|x86.Build.0 = Release|Win32
		{2BB8C50D-D44B-4B40-B2D2-C32BE95870FA}.Debug|x64.ActiveCfg = Debug|x64
		{2BB8C50D-D44B-4B40-B2D2-C32BE95870FA}.Debug|x64.Build.0 = Debug|x64
		{2BB8C50D-D44B-4B40-B2D2-C32BE95870FA}.Debug|x86.ActiveCfg = Debug|Win32
		{2BB8C50D-D44B-4B40-B2D2-C32BE95870FA}.Debug|x86.Build.0 = Debug|Win32
		{2BB8C50D-D44B-4B40-B2D2-C32BE95870FA}.Release|x64.ActiveCfg = Release|x64
		{2BB8C50D-D44B-4B40-B2D2-C32BE95870FA}.Release|x64.Build.0 = Release|x64
		{2BB8C50D-D44B-4B40-B2D2-C32BE95870FA}.Release|x86.ActiveCfg = Release|Win32
		{2BB8C50D-D44B-4B40-B2D2-C32BE95870FA}.Release|x86.Build.0 = Release|Win32
		{3D3E0355-C5E9-4AB2-A977-1662C0A8CBA9}.Debug|x64.ActiveCfg = Debug|x64
		{3D3E0355-C5E9-4AB2-A977-1662C0A8CBA9}.Debug|x64.Build.0 = Debug|x64
		{3D3E0355-C5E9-4AB2-A977-1662C0A8CBA9}.Debug|x86.ActiveCfg = Debug|Win32
		{3D3E0355-C5E9-4AB2-A977-1662C0A8CBA9}.Debug|x86.Build.0 = Debug|Win32
		{3D3E0355-C5E9-4AB2-A977-1662C0A8CBA9}.Release|x64.ActiveCfg = Release|x64
		{3D3E0355-C5E9-4AB2-A977-1662C0A8CBA9}.Release|x64.Build.0 = Release|x64
		{3D3E0355-C5E9-4AB2-A977-1662C0A8CBA9}.Release|x86.ActiveCfg = Release|Win32
		{3D3E0355-C5E9-4AB2-A977-1662C0A8CBA9}.Release|x86.Build.0 = Release|Win32
	EndGlobalSection
	GlobalSection(SolutionProperties) = preSolution
		HideSolutionNode = FALSE
	EndGlobalSection
EndGlobal
